
Microsoft Visual Studio Solution File, Format Version 12.00
# Visual Studio Version 17
VisualStudioVersion = 17.12.35527.113
MinimumVisualStudioVersion = 10.0.40219.1
Project("{FAE04EC0-301F-11D3-BF4B-00C04F79EFBC}") = "testE", "Web_BanHang_T6S34\testE.csproj", "{6010E171-64AC-473D-AF09-1C2BE050766C}"
EndProject
Global
	GlobalSection(SolutionConfigurationPlatforms) = preSolution
		Debug|Any CPU = Debug|Any CPU
		Release|Any CPU = Release|Any CPU
	EndGlobalSection
	GlobalSection(ProjectConfigurationPlatforms) = postSolution
		{6010E171-64AC-473D-AF09-1C2BE050766C}.Debug|Any CPU.ActiveCfg = Debug|Any CPU
		{6010E171-64AC-473D-AF09-1C2BE050766C}.Debug|Any CPU.Build.0 = Debug|Any CPU
		{6010E171-64AC-473D-AF09-1C2BE050766C}.Release|Any CPU.ActiveCfg = Release|Any CPU
		{6010E171-64AC-473D-AF09-1C2BE050766C}.Release|Any CPU.Build.0 = Release|Any CPU
	EndGlobalSection
	GlobalSection(SolutionProperties) = preSolution
		HideSolutionNode = FALSE
	EndGlobalSection
	GlobalSection(ExtensibilityGlobals) = postSolution
		SolutionGuid = {D412283B-E2AD-4882-AA98-C1BD81D056CB}
	EndGlobalSection
EndGlobal
